
Microsoft Visual Studio Solution File, Format Version 12.00
# Visual Studio Version 17
Project("{2150E333-8FDC-42A3-9474-1A3956D46DE8}") = "CMakePredefinedTargets", "CMakePredefinedTargets", "{EAB15D5A-0AF7-3474-B327-BBF10C91F207}"
EndProject
Project("{2150E333-8FDC-42A3-9474-1A3956D46DE8}") = "ExternalProjectTargets", "ExternalProjectTargets", "{4282347E-26A9-34EF-B8EB-2F14C453ED63}"
EndProject
Project("{2150E333-8FDC-42A3-9474-1A3956D46DE8}") = "mrf-populate", "ExternalProjectTargets\mrf-populate", "{A8AF1944-2641-3241-9673-A191D742BCA0}"
EndProject
Project("{8BC9CEB8-8B4A-11D0-8D11-00A0C91BC942}") = "ALL_BUILD", "ALL_BUILD.vcxproj", "{8ADEB108-3FD8-3BCF-85FE-3E3B958B501B}"
	ProjectSection(ProjectDependencies) = postProject
		{0BB48447-0BE0-33AB-828D-A949C12DA535} = {0BB48447-0BE0-33AB-828D-A949C12DA535}
		{D01D708A-3E14-393B-A7D7-BF13269FB666} = {D01D708A-3E14-393B-A7D7-BF13269FB666}
	EndProjectSection
EndProject
Project("{8BC9CEB8-8B4A-11D0-8D11-00A0C91BC942}") = "ZERO_CHECK", "ZERO_CHECK.vcxproj", "{0BB48447-0BE0-33AB-828D-A949C12DA535}"
	ProjectSection(ProjectDependencies) = postProject
	EndProjectSection
EndProject
Project("{8BC9CEB8-8B4A-11D0-8D11-00A0C91BC942}") = "mrf-populate", "mrf-populate.vcxproj", "{D01D708A-3E14-393B-A7D7-BF13269FB666}"
	ProjectSection(ProjectDependencies) = postProject
		{0BB48447-0BE0-33AB-828D-A949C12DA535} = {0BB48447-0BE0-33AB-828D-A949C12DA535}
	EndProjectSection
EndProject
Global
	GlobalSection(SolutionConfigurationPlatforms) = preSolution
		Debug|x64 = Debug|x64
	EndGlobalSection
	GlobalSection(ProjectConfigurationPlatforms) = postSolution
		{8ADEB108-3FD8-3BCF-85FE-3E3B958B501B}.Debug|x64.ActiveCfg = Debug|x64
		{0BB48447-0BE0-33AB-828D-A949C12DA535}.Debug|x64.ActiveCfg = Debug|x64
		{0BB48447-0BE0-33AB-828D-A949C12DA535}.Debug|x64.Build.0 = Debug|x64
		{D01D708A-3E14-393B-A7D7-BF13269FB666}.Debug|x64.ActiveCfg = Debug|x64
		{D01D708A-3E14-393B-A7D7-BF13269FB666}.Debug|x64.Build.0 = Debug|x64
	EndGlobalSection
	GlobalSection(NestedProjects) = preSolution
		{8ADEB108-3FD8-3BCF-85FE-3E3B958B501B} = {EAB15D5A-0AF7-3474-B327-BBF10C91F207}
		{0BB48447-0BE0-33AB-828D-A949C12DA535} = {EAB15D5A-0AF7-3474-B327-BBF10C91F207}
		{A8AF1944-2641-3241-9673-A191D742BCA0} = {4282347E-26A9-34EF-B8EB-2F14C453ED63}
		{D01D708A-3E14-393B-A7D7-BF13269FB666} = {A8AF1944-2641-3241-9673-A191D742BCA0}
	EndGlobalSection
	GlobalSection(ExtensibilityGlobals) = postSolution
		SolutionGuid = {A584E290-BB08-347F-AA69-8613C0B6C8F9}
	EndGlobalSection
	GlobalSection(ExtensibilityAddIns) = postSolution
	EndGlobalSection
EndGlobal
