<?xml version="1.0" encoding="utf-8"?>
<Project ToolsVersion="17.0" xmlns="http://schemas.microsoft.com/developer/msbuild/2003">
  <ItemGroup>
    <CustomBuild Include="D:\Documents\Python Projects\Octree-GS\SIBR_viewers\extlibs\nanoflann\subbuild\CMakeFiles\45fed78ecc4c87575f2265b4613fc835\generate.stamp.rule">
      <Filter>CMake Rules</Filter>
    </CustomBuild>
  </ItemGroup>
  <ItemGroup>
    <Filter Include="CMake Rules">
      <UniqueIdentifier>{CC7B267E-7C2E-3DF2-A157-C206F70A3761}</UniqueIdentifier>
    </Filter>
  </ItemGroup>
</Project>
