<?xml version="1.0" encoding="utf-8"?>
<Project ToolsVersion="17.0" xmlns="http://schemas.microsoft.com/developer/msbuild/2003">
  <ItemGroup>
    <CustomBuild Include="D:\Documents\Python Projects\Octree-GS\SIBR_viewers\extlibs\rapidxml\subbuild\CMakeFiles\169640a09abaa82d6c46c87fab720624\rapidxml-populate-mkdir.rule">
      <Filter>CMake Rules</Filter>
    </CustomBuild>
    <CustomBuild Include="D:\Documents\Python Projects\Octree-GS\SIBR_viewers\extlibs\rapidxml\subbuild\CMakeFiles\169640a09abaa82d6c46c87fab720624\rapidxml-populate-download.rule">
      <Filter>CMake Rules</Filter>
    </CustomBuild>
    <CustomBuild Include="D:\Documents\Python Projects\Octree-GS\SIBR_viewers\extlibs\rapidxml\subbuild\CMakeFiles\169640a09abaa82d6c46c87fab720624\rapidxml-populate-update.rule">
      <Filter>CMake Rules</Filter>
    </CustomBuild>
    <CustomBuild Include="D:\Documents\Python Projects\Octree-GS\SIBR_viewers\extlibs\rapidxml\subbuild\CMakeFiles\169640a09abaa82d6c46c87fab720624\rapidxml-populate-patch.rule">
      <Filter>CMake Rules</Filter>
    </CustomBuild>
    <CustomBuild Include="D:\Documents\Python Projects\Octree-GS\SIBR_viewers\extlibs\rapidxml\subbuild\CMakeFiles\169640a09abaa82d6c46c87fab720624\rapidxml-populate-configure.rule">
      <Filter>CMake Rules</Filter>
    </CustomBuild>
    <CustomBuild Include="D:\Documents\Python Projects\Octree-GS\SIBR_viewers\extlibs\rapidxml\subbuild\CMakeFiles\169640a09abaa82d6c46c87fab720624\rapidxml-populate-build.rule">
      <Filter>CMake Rules</Filter>
    </CustomBuild>
    <CustomBuild Include="D:\Documents\Python Projects\Octree-GS\SIBR_viewers\extlibs\rapidxml\subbuild\CMakeFiles\169640a09abaa82d6c46c87fab720624\rapidxml-populate-install.rule">
      <Filter>CMake Rules</Filter>
    </CustomBuild>
    <CustomBuild Include="D:\Documents\Python Projects\Octree-GS\SIBR_viewers\extlibs\rapidxml\subbuild\CMakeFiles\169640a09abaa82d6c46c87fab720624\rapidxml-populate-test.rule">
      <Filter>CMake Rules</Filter>
    </CustomBuild>
    <CustomBuild Include="D:\Documents\Python Projects\Octree-GS\SIBR_viewers\extlibs\rapidxml\subbuild\CMakeFiles\76ebfe99727288bbd72212d87f994eb7\rapidxml-populate-complete.rule">
      <Filter>CMake Rules</Filter>
    </CustomBuild>
    <CustomBuild Include="D:\Documents\Python Projects\Octree-GS\SIBR_viewers\extlibs\rapidxml\subbuild\CMakeFiles\117c1049648f2560644c4144a7b8c216\rapidxml-populate.rule">
      <Filter>CMake Rules</Filter>
    </CustomBuild>
    <CustomBuild Include="D:\Documents\Python Projects\Octree-GS\SIBR_viewers\extlibs\rapidxml\subbuild\CMakeLists.txt" />
  </ItemGroup>
  <ItemGroup>
    <None Include="D:\Documents\Python Projects\Octree-GS\SIBR_viewers\extlibs\rapidxml\subbuild\CMakeFiles\rapidxml-populate" />
  </ItemGroup>
  <ItemGroup>
    <Filter Include="CMake Rules">
      <UniqueIdentifier>{B36AB4F7-64A2-3B95-8E8F-918447EFE064}</UniqueIdentifier>
    </Filter>
  </ItemGroup>
</Project>
