<?xml version="1.0" encoding="utf-8"?>
<Project ToolsVersion="17.0" xmlns="http://schemas.microsoft.com/developer/msbuild/2003">
  <ItemGroup>
    <CustomBuild Include="D:\Documents\Python Projects\Octree-GS\SIBR_viewers\extlibs\rapidxml\subbuild\CMakeFiles\117c1049648f2560644c4144a7b8c216\generate.stamp.rule">
      <Filter>CMake Rules</Filter>
    </CustomBuild>
  </ItemGroup>
  <ItemGroup>
    <Filter Include="CMake Rules">
      <UniqueIdentifier>{B36AB4F7-64A2-3B95-8E8F-918447EFE064}</UniqueIdentifier>
    </Filter>
  </ItemGroup>
</Project>
