
Microsoft Visual Studio Solution File, Format Version 12.00
# Visual Studio Version 17
Project("{2150E333-8FDC-42A3-9474-1A3956D46DE8}") = "CMakePredefinedTargets", "CMakePredefinedTargets", "{9D3B79A1-08FD-3605-8C38-82563EB534F9}"
EndProject
Project("{2150E333-8FDC-42A3-9474-1A3956D46DE8}") = "ExternalProjectTargets", "ExternalProjectTargets", "{17E22C2F-7FE8-32BC-8437-FC94CB1C74F7}"
EndProject
Project("{2150E333-8FDC-42A3-9474-1A3956D46DE8}") = "imgui-populate", "ExternalProjectTargets\imgui-populate", "{649C71DD-328B-32A1-8B41-E0ED9FB85074}"
EndProject
Project("{8BC9CEB8-8B4A-11D0-8D11-00A0C91BC942}") = "ALL_BUILD", "ALL_BUILD.vcxproj", "{C8676CDD-26EF-38A6-B523-5D40A0E2612A}"
	ProjectSection(ProjectDependencies) = postProject
		{DBF84116-033D-3860-8704-496B5EE87FFE} = {DBF84116-033D-3860-8704-496B5EE87FFE}
		{AE9A1E0F-7E89-3B8C-B0B0-225A54E95BFC} = {AE9A1E0F-7E89-3B8C-B0B0-225A54E95BFC}
	EndProjectSection
EndProject
Project("{8BC9CEB8-8B4A-11D0-8D11-00A0C91BC942}") = "ZERO_CHECK", "ZERO_CHECK.vcxproj", "{DBF84116-033D-3860-8704-496B5EE87FFE}"
	ProjectSection(ProjectDependencies) = postProject
	EndProjectSection
EndProject
Project("{8BC9CEB8-8B4A-11D0-8D11-00A0C91BC942}") = "imgui-populate", "imgui-populate.vcxproj", "{AE9A1E0F-7E89-3B8C-B0B0-225A54E95BFC}"
	ProjectSection(ProjectDependencies) = postProject
		{DBF84116-033D-3860-8704-496B5EE87FFE} = {DBF84116-033D-3860-8704-496B5EE87FFE}
	EndProjectSection
EndProject
Global
	GlobalSection(SolutionConfigurationPlatforms) = preSolution
		Debug|x64 = Debug|x64
	EndGlobalSection
	GlobalSection(ProjectConfigurationPlatforms) = postSolution
		{C8676CDD-26EF-38A6-B523-5D40A0E2612A}.Debug|x64.ActiveCfg = Debug|x64
		{DBF84116-033D-3860-8704-496B5EE87FFE}.Debug|x64.ActiveCfg = Debug|x64
		{DBF84116-033D-3860-8704-496B5EE87FFE}.Debug|x64.Build.0 = Debug|x64
		{AE9A1E0F-7E89-3B8C-B0B0-225A54E95BFC}.Debug|x64.ActiveCfg = Debug|x64
		{AE9A1E0F-7E89-3B8C-B0B0-225A54E95BFC}.Debug|x64.Build.0 = Debug|x64
	EndGlobalSection
	GlobalSection(NestedProjects) = preSolution
		{C8676CDD-26EF-38A6-B523-5D40A0E2612A} = {9D3B79A1-08FD-3605-8C38-82563EB534F9}
		{DBF84116-033D-3860-8704-496B5EE87FFE} = {9D3B79A1-08FD-3605-8C38-82563EB534F9}
		{649C71DD-328B-32A1-8B41-E0ED9FB85074} = {17E22C2F-7FE8-32BC-8437-FC94CB1C74F7}
		{AE9A1E0F-7E89-3B8C-B0B0-225A54E95BFC} = {649C71DD-328B-32A1-8B41-E0ED9FB85074}
	EndGlobalSection
	GlobalSection(ExtensibilityGlobals) = postSolution
		SolutionGuid = {0A4B15C5-1EB0-3D4C-B2A1-93B5675A2F8C}
	EndGlobalSection
	GlobalSection(ExtensibilityAddIns) = postSolution
	EndGlobalSection
EndGlobal
